
Microsoft Visual Studio Solution File, Format Version 12.00
# Visual Studio Version 17
VisualStudioVersion = 17.14.35906.104 d17.14
MinimumVisualStudioVersion = 10.0.40219.1
Project("{FAE04EC0-301F-11D3-BF4B-00C04F79EFBC}") = "UserManagementAPI", "UserManagementAPI.csproj", "{2E4A6122-B9EC-4573-90F3-D17F24A7D49D}"
EndProject
Global
	GlobalSection(SolutionConfigurationPlatforms) = preSolution
		Debug|Any CPU = Debug|Any CPU
		Release|Any CPU = Release|Any CPU
	EndGlobalSection
	GlobalSection(ProjectConfigurationPlatforms) = postSolution
		{2E4A6122-B9EC-4573-90F3-D17F24A7D49D}.Debug|Any CPU.ActiveCfg = Debug|Any CPU
		{2E4A6122-B9EC-4573-90F3-D17F24A7D49D}.Debug|Any CPU.Build.0 = Debug|Any CPU
		{2E4A6122-B9EC-4573-90F3-D17F24A7D49D}.Release|Any CPU.ActiveCfg = Release|Any CPU
		{2E4A6122-B9EC-4573-90F3-D17F24A7D49D}.Release|Any CPU.Build.0 = Release|Any CPU
	EndGlobalSection
	GlobalSection(SolutionProperties) = preSolution
		HideSolutionNode = FALSE
	EndGlobalSection
	GlobalSection(ExtensibilityGlobals) = postSolution
		SolutionGuid = {F82AF099-7E74-4491-B6E8-F01387D10EA2}
	EndGlobalSection
EndGlobal
